
Microsoft Visual Studio Solution File, Format Version 12.00
# Visual Studio 15
VisualStudioVersion = 15.0.27130.0
MinimumVisualStudioVersion = 10.0.40219.1
Project("{FAE04EC0-301F-11D3-BF4B-00C04F79EFBC}") = "SamsApp.Android", "SamsApp\SamsApp.Android\SamsApp.Android.csproj", "{A1F5B678-8902-42DC-B964-B3F1464792B8}"
EndProject
Project("{FAE04EC0-301F-11D3-BF4B-00C04F79EFBC}") = "SamsApp.iOS", "SamsApp\SamsApp.iOS\SamsApp.iOS.csproj", "{C37D752F-34C5-40C8-9AFF-F3CA03C9032F}"
EndProject
Project("{FAE04EC0-301F-11D3-BF4B-00C04F79EFBC}") = "SamsApp.UWP", "SamsApp\SamsApp.UWP\SamsApp.UWP.csproj", "{B704BCF3-320F-4BAE-84DF-EEC970FCEF1F}"
EndProject
Project("{FAE04EC0-301F-11D3-BF4B-00C04F79EFBC}") = "SamsApp", "SamsApp\SamsApp\SamsApp.csproj", "{4BDB9F66-69E5-4100-95FC-665E1A0059CD}"
EndProject
Global
	GlobalSection(SolutionConfigurationPlatforms) = preSolution
		Ad-Hoc|Any CPU = Ad-Hoc|Any CPU
		Ad-Hoc|ARM = Ad-Hoc|ARM
		Ad-Hoc|iPhone = Ad-Hoc|iPhone
		Ad-Hoc|iPhoneSimulator = Ad-Hoc|iPhoneSimulator
		Ad-Hoc|x64 = Ad-Hoc|x64
		Ad-Hoc|x86 = Ad-Hoc|x86
		AppStore|Any CPU = AppStore|Any CPU
		AppStore|ARM = AppStore|ARM
		AppStore|iPhone = AppStore|iPhone
		AppStore|iPhoneSimulator = AppStore|iPhoneSimulator
		AppStore|x64 = AppStore|x64
		AppStore|x86 = AppStore|x86
		Debug|Any CPU = Debug|Any CPU
		Debug|ARM = Debug|ARM
		Debug|iPhone = Debug|iPhone
		Debug|iPhoneSimulator = Debug|iPhoneSimulator
		Debug|x64 = Debug|x64
		Debug|x86 = Debug|x86
		Release|Any CPU = Release|Any CPU
		Release|ARM = Release|ARM
		Release|iPhone = Release|iPhone
		Release|iPhoneSimulator = Release|iPhoneSimulator
		Release|x64 = Release|x64
		Release|x86 = Release|x86
	EndGlobalSection
	GlobalSection(ProjectConfigurationPlatforms) = postSolution
		{A1F5B678-8902-42DC-B964-B3F1464792B8}.Ad-Hoc|Any CPU.ActiveCfg = Release|Any CPU
		{A1F5B678-8902-42DC-B964-B3F1464792B8}.Ad-Hoc|Any CPU.Build.0 = Release|Any CPU
		{A1F5B678-8902-42DC-B964-B3F1464792B8}.Ad-Hoc|Any CPU.Deploy.0 = Release|Any CPU
		{A1F5B678-8902-42DC-B964-B3F1464792B8}.Ad-Hoc|ARM.ActiveCfg = Release|Any CPU
		{A1F5B678-8902-42DC-B964-B3F1464792B8}.Ad-Hoc|ARM.Build.0 = Release|Any CPU
		{A1F5B678-8902-42DC-B964-B3F1464792B8}.Ad-Hoc|ARM.Deploy.0 = Release|Any CPU
		{A1F5B678-8902-42DC-B964-B3F1464792B8}.Ad-Hoc|iPhone.ActiveCfg = Release|Any CPU
		{A1F5B678-8902-42DC-B964-B3F1464792B8}.Ad-Hoc|iPhone.Build.0 = Release|Any CPU
		{A1F5B678-8902-42DC-B964-B3F1464792B8}.Ad-Hoc|iPhone.Deploy.0 = Release|Any CPU
		{A1F5B678-8902-42DC-B964-B3F1464792B8}.Ad-Hoc|iPhoneSimulator.ActiveCfg = Release|Any CPU
		{A1F5B678-8902-42DC-B964-B3F1464792B8}.Ad-Hoc|iPhoneSimulator.Build.0 = Release|Any CPU
		{A1F5B678-8902-42DC-B964-B3F1464792B8}.Ad-Hoc|iPhoneSimulator.Deploy.0 = Release|Any CPU
		{A1F5B678-8902-42DC-B964-B3F1464792B8}.Ad-Hoc|x64.ActiveCfg = Release|Any CPU
		{A1F5B678-8902-42DC-B964-B3F1464792B8}.Ad-Hoc|x64.Build.0 = Release|Any CPU
		{A1F5B678-8902-42DC-B964-B3F1464792B8}.Ad-Hoc|x64.Deploy.0 = Release|Any CPU
		{A1F5B678-8902-42DC-B964-B3F1464792B8}.Ad-Hoc|x86.ActiveCfg = Release|Any CPU
		{A1F5B678-8902-42DC-B964-B3F1464792B8}.Ad-Hoc|x86.Build.0 = Release|Any CPU
		{A1F5B678-8902-42DC-B964-B3F1464792B8}.Ad-Hoc|x86.Deploy.0 = Release|Any CPU
		{A1F5B678-8902-42DC-B964-B3F1464792B8}.AppStore|Any CPU.ActiveCfg = Release|Any CPU
		{A1F5B678-8902-42DC-B964-B3F1464792B8}.AppStore|Any CPU.Build.0 = Release|Any CPU
		{A1F5B678-8902-42DC-B964-B3F1464792B8}.AppStore|Any CPU.Deploy.0 = Release|Any CPU
		{A1F5B678-8902-42DC-B964-B3F1464792B8}.AppStore|ARM.ActiveCfg = Release|Any CPU
		{A1F5B678-8902-42DC-B964-B3F1464792B8}.AppStore|ARM.Build.0 = Release|Any CPU
		{A1F5B678-8902-42DC-B964-B3F1464792B8}.AppStore|ARM.Deploy.0 = Release|Any CPU
		{A1F5B678-8902-42DC-B964-B3F1464792B8}.AppStore|iPhone.ActiveCfg = Release|Any CPU
		{A1F5B678-8902-42DC-B964-B3F1464792B8}.AppStore|iPhone.Build.0 = Release|Any CPU
		{A1F5B678-8902-42DC-B964-B3F1464792B8}.AppStore|iPhone.Deploy.0 = Release|Any CPU
		{A1F5B678-8902-42DC-B964-B3F1464792B8}.AppStore|iPhoneSimulator.ActiveCfg = Release|Any CPU
		{A1F5B678-8902-42DC-B964-B3F1464792B8}.AppStore|iPhoneSimulator.Build.0 = Release|Any CPU
		{A1F5B678-8902-42DC-B964-B3F1464792B8}.AppStore|iPhoneSimulator.Deploy.0 = Release|Any CPU
		{A1F5B678-8902-42DC-B964-B3F1464792B8}.AppStore|x64.ActiveCfg = Release|Any CPU
		{A1F5B678-8902-42DC-B964-B3F1464792B8}.AppStore|x64.Build.0 = Release|Any CPU
		{A1F5B678-8902-42DC-B964-B3F1464792B8}.AppStore|x64.Deploy.0 = Release|Any CPU
		{A1F5B678-8902-42DC-B964-B3F1464792B8}.AppStore|x86.ActiveCfg = Release|Any CPU
		{A1F5B678-8902-42DC-B964-B3F1464792B8}.AppStore|x86.Build.0 = Release|Any CPU
		{A1F5B678-8902-42DC-B964-B3F1464792B8}.AppStore|x86.Deploy.0 = Release|Any CPU
		{A1F5B678-8902-42DC-B964-B3F1464792B8}.Debug|Any CPU.ActiveCfg = Debug|Any CPU
		{A1F5B678-8902-42DC-B964-B3F1464792B8}.Debug|Any CPU.Build.0 = Debug|Any CPU
		{A1F5B678-8902-42DC-B964-B3F1464792B8}.Debug|Any CPU.Deploy.0 = Debug|Any CPU
		{A1F5B678-8902-42DC-B964-B3F1464792B8}.Debug|ARM.ActiveCfg = Debug|Any CPU
		{A1F5B678-8902-42DC-B964-B3F1464792B8}.Debug|ARM.Build.0 = Debug|Any CPU
		{A1F5B678-8902-42DC-B964-B3F1464792B8}.Debug|ARM.Deploy.0 = Debug|Any CPU
		{A1F5B678-8902-42DC-B964-B3F1464792B8}.Debug|iPhone.ActiveCfg = Debug|Any CPU
		{A1F5B678-8902-42DC-B964-B3F1464792B8}.Debug|iPhone.Build.0 = Debug|Any CPU
		{A1F5B678-8902-42DC-B964-B3F1464792B8}.Debug|iPhone.Deploy.0 = Debug|Any CPU
		{A1F5B678-8902-42DC-B964-B3F1464792B8}.Debug|iPhoneSimulator.ActiveCfg = Debug|Any CPU
		{A1F5B678-8902-42DC-B964-B3F1464792B8}.Debug|iPhoneSimulator.Build.0 = Debug|Any CPU
		{A1F5B678-8902-42DC-B964-B3F1464792B8}.Debug|iPhoneSimulator.Deploy.0 = Debug|Any CPU
		{A1F5B678-8902-42DC-B964-B3F1464792B8}.Debug|x64.ActiveCfg = Debug|Any CPU
		{A1F5B678-8902-42DC-B964-B3F1464792B8}.Debug|x64.Build.0 = Debug|Any CPU
		{A1F5B678-8902-42DC-B964-B3F1464792B8}.Debug|x64.Deploy.0 = Debug|Any CPU
		{A1F5B678-8902-42DC-B964-B3F1464792B8}.Debug|x86.ActiveCfg = Debug|Any CPU
		{A1F5B678-8902-42DC-B964-B3F1464792B8}.Debug|x86.Build.0 = Debug|Any CPU
		{A1F5B678-8902-42DC-B964-B3F1464792B8}.Debug|x86.Deploy.0 = Debug|Any CPU
		{A1F5B678-8902-42DC-B964-B3F1464792B8}.Release|Any CPU.ActiveCfg = Release|Any CPU
		{A1F5B678-8902-42DC-B964-B3F1464792B8}.Release|Any CPU.Build.0 = Release|Any CPU
		{A1F5B678-8902-42DC-B964-B3F1464792B8}.Release|Any CPU.Deploy.0 = Release|Any CPU
		{A1F5B678-8902-42DC-B964-B3F1464792B8}.Release|ARM.ActiveCfg = Release|Any CPU
		{A1F5B678-8902-42DC-B964-B3F1464792B8}.Release|ARM.Build.0 = Release|Any CPU
		{A1F5B678-8902-42DC-B964-B3F1464792B8}.Release|ARM.Deploy.0 = Release|Any CPU
		{A1F5B678-8902-42DC-B964-B3F1464792B8}.Release|iPhone.ActiveCfg = Release|Any CPU
		{A1F5B678-8902-42DC-B964-B3F1464792B8}.Release|iPhone.Build.0 = Release|Any CPU
		{A1F5B678-8902-42DC-B964-B3F1464792B8}.Release|iPhone.Deploy.0 = Release|Any CPU
		{A1F5B678-8902-42DC-B964-B3F1464792B8}.Release|iPhoneSimulator.ActiveCfg = Release|Any CPU
		{A1F5B678-8902-42DC-B964-B3F1464792B8}.Release|iPhoneSimulator.Build.0 = Release|Any CPU
		{A1F5B678-8902-42DC-B964-B3F1464792B8}.Release|iPhoneSimulator.Deploy.0 = Release|Any CPU
		{A1F5B678-8902-42DC-B964-B3F1464792B8}.Release|x64.ActiveCfg = Release|Any CPU
		{A1F5B678-8902-42DC-B964-B3F1464792B8}.Release|x64.Build.0 = Release|Any CPU
		{A1F5B678-8902-42DC-B964-B3F1464792B8}.Release|x64.Deploy.0 = Release|Any CPU
		{A1F5B678-8902-42DC-B964-B3F1464792B8}.Release|x86.ActiveCfg = Release|Any CPU
		{A1F5B678-8902-42DC-B964-B3F1464792B8}.Release|x86.Build.0 = Release|Any CPU
		{A1F5B678-8902-42DC-B964-B3F1464792B8}.Release|x86.Deploy.0 = Release|Any CPU
		{C37D752F-34C5-40C8-9AFF-F3CA03C9032F}.Ad-Hoc|Any CPU.ActiveCfg = Ad-Hoc|iPhone
		{C37D752F-34C5-40C8-9AFF-F3CA03C9032F}.Ad-Hoc|ARM.ActiveCfg = Ad-Hoc|iPhone
		{C37D752F-34C5-40C8-9AFF-F3CA03C9032F}.Ad-Hoc|iPhone.ActiveCfg = Ad-Hoc|iPhone
		{C37D752F-34C5-40C8-9AFF-F3CA03C9032F}.Ad-Hoc|iPhone.Build.0 = Ad-Hoc|iPhone
		{C37D752F-34C5-40C8-9AFF-F3CA03C9032F}.Ad-Hoc|iPhoneSimulator.ActiveCfg = Ad-Hoc|iPhoneSimulator
		{C37D752F-34C5-40C8-9AFF-F3CA03C9032F}.Ad-Hoc|iPhoneSimulator.Build.0 = Ad-Hoc|iPhoneSimulator
		{C37D752F-34C5-40C8-9AFF-F3CA03C9032F}.Ad-Hoc|x64.ActiveCfg = Ad-Hoc|iPhone
		{C37D752F-34C5-40C8-9AFF-F3CA03C9032F}.Ad-Hoc|x86.ActiveCfg = Ad-Hoc|iPhone
		{C37D752F-34C5-40C8-9AFF-F3CA03C9032F}.AppStore|Any CPU.ActiveCfg = AppStore|iPhone
		{C37D752F-34C5-40C8-9AFF-F3CA03C9032F}.AppStore|ARM.ActiveCfg = AppStore|iPhone
		{C37D752F-34C5-40C8-9AFF-F3CA03C9032F}.AppStore|iPhone.ActiveCfg = AppStore|iPhone
		{C37D752F-34C5-40C8-9AFF-F3CA03C9032F}.AppStore|iPhone.Build.0 = AppStore|iPhone
		{C37D752F-34C5-40C8-9AFF-F3CA03C9032F}.AppStore|iPhoneSimulator.ActiveCfg = AppStore|iPhoneSimulator
		{C37D752F-34C5-40C8-9AFF-F3CA03C9032F}.AppStore|iPhoneSimulator.Build.0 = AppStore|iPhoneSimulator
		{C37D752F-34C5-40C8-9AFF-F3CA03C9032F}.AppStore|x64.ActiveCfg = AppStore|iPhone
		{C37D752F-34C5-40C8-9AFF-F3CA03C9032F}.AppStore|x86.ActiveCfg = AppStore|iPhone
		{C37D752F-34C5-40C8-9AFF-F3CA03C9032F}.Debug|Any CPU.ActiveCfg = Debug|iPhone
		{C37D752F-34C5-40C8-9AFF-F3CA03C9032F}.Debug|ARM.ActiveCfg = Debug|iPhone
		{C37D752F-34C5-40C8-9AFF-F3CA03C9032F}.Debug|iPhone.ActiveCfg = Debug|iPhone
		{C37D752F-34C5-40C8-9AFF-F3CA03C9032F}.Debug|iPhone.Build.0 = Debug|iPhone
		{C37D752F-34C5-40C8-9AFF-F3CA03C9032F}.Debug|iPhoneSimulator.ActiveCfg = Debug|iPhoneSimulator
		{C37D752F-34C5-40C8-9AFF-F3CA03C9032F}.Debug|iPhoneSimulator.Build.0 = Debug|iPhoneSimulator
		{C37D752F-34C5-40C8-9AFF-F3CA03C9032F}.Debug|x64.ActiveCfg = Debug|iPhone
		{C37D752F-34C5-40C8-9AFF-F3CA03C9032F}.Debug|x86.ActiveCfg = Debug|iPhone
		{C37D752F-34C5-40C8-9AFF-F3CA03C9032F}.Release|Any CPU.ActiveCfg = Release|iPhone
		{C37D752F-34C5-40C8-9AFF-F3CA03C9032F}.Release|ARM.ActiveCfg = Release|iPhone
		{C37D752F-34C5-40C8-9AFF-F3CA03C9032F}.Release|iPhone.ActiveCfg = Release|iPhone
		{C37D752F-34C5-40C8-9AFF-F3CA03C9032F}.Release|iPhone.Build.0 = Release|iPhone
		{C37D752F-34C5-40C8-9AFF-F3CA03C9032F}.Release|iPhoneSimulator.ActiveCfg = Release|iPhoneSimulator
		{C37D752F-34C5-40C8-9AFF-F3CA03C9032F}.Release|iPhoneSimulator.Build.0 = Release|iPhoneSimulator
		{C37D752F-34C5-40C8-9AFF-F3CA03C9032F}.Release|x64.ActiveCfg = Release|iPhone
		{C37D752F-34C5-40C8-9AFF-F3CA03C9032F}.Release|x86.ActiveCfg = Release|iPhone
		{B704BCF3-320F-4BAE-84DF-EEC970FCEF1F}.Ad-Hoc|Any CPU.ActiveCfg = Release|x86
		{B704BCF3-320F-4BAE-84DF-EEC970FCEF1F}.Ad-Hoc|Any CPU.Build.0 = Release|x86
		{B704BCF3-320F-4BAE-84DF-EEC970FCEF1F}.Ad-Hoc|Any CPU.Deploy.0 = Release|x86
		{B704BCF3-320F-4BAE-84DF-EEC970FCEF1F}.Ad-Hoc|ARM.ActiveCfg = Release|ARM
		{B704BCF3-320F-4BAE-84DF-EEC970FCEF1F}.Ad-Hoc|ARM.Build.0 = Release|ARM
		{B704BCF3-320F-4BAE-84DF-EEC970FCEF1F}.Ad-Hoc|ARM.Deploy.0 = Release|ARM
		{B704BCF3-320F-4BAE-84DF-EEC970FCEF1F}.Ad-Hoc|iPhone.ActiveCfg = Release|x86
		{B704BCF3-320F-4BAE-84DF-EEC970FCEF1F}.Ad-Hoc|iPhone.Build.0 = Release|x86
		{B704BCF3-320F-4BAE-84DF-EEC970FCEF1F}.Ad-Hoc|iPhone.Deploy.0 = Release|x86
		{B704BCF3-320F-4BAE-84DF-EEC970FCEF1F}.Ad-Hoc|iPhoneSimulator.ActiveCfg = Release|x86
		{B704BCF3-320F-4BAE-84DF-EEC970FCEF1F}.Ad-Hoc|iPhoneSimulator.Build.0 = Release|x86
		{B704BCF3-320F-4BAE-84DF-EEC970FCEF1F}.Ad-Hoc|iPhoneSimulator.Deploy.0 = Release|x86
		{B704BCF3-320F-4BAE-84DF-EEC970FCEF1F}.Ad-Hoc|x64.ActiveCfg = Release|x64
		{B704BCF3-320F-4BAE-84DF-EEC970FCEF1F}.Ad-Hoc|x64.Build.0 = Release|x64
		{B704BCF3-320F-4BAE-84DF-EEC970FCEF1F}.Ad-Hoc|x64.Deploy.0 = Release|x64
		{B704BCF3-320F-4BAE-84DF-EEC970FCEF1F}.Ad-Hoc|x86.ActiveCfg = Release|x86
		{B704BCF3-320F-4BAE-84DF-EEC970FCEF1F}.Ad-Hoc|x86.Build.0 = Release|x86
		{B704BCF3-320F-4BAE-84DF-EEC970FCEF1F}.Ad-Hoc|x86.Deploy.0 = Release|x86
		{B704BCF3-320F-4BAE-84DF-EEC970FCEF1F}.AppStore|Any CPU.ActiveCfg = Release|x86
		{B704BCF3-320F-4BAE-84DF-EEC970FCEF1F}.AppStore|Any CPU.Build.0 = Release|x86
		{B704BCF3-320F-4BAE-84DF-EEC970FCEF1F}.AppStore|Any CPU.Deploy.0 = Release|x86
		{B704BCF3-320F-4BAE-84DF-EEC970FCEF1F}.AppStore|ARM.ActiveCfg = Release|ARM
		{B704BCF3-320F-4BAE-84DF-EEC970FCEF1F}.AppStore|ARM.Build.0 = Release|ARM
		{B704BCF3-320F-4BAE-84DF-EEC970FCEF1F}.AppStore|ARM.Deploy.0 = Release|ARM
		{B704BCF3-320F-4BAE-84DF-EEC970FCEF1F}.AppStore|iPhone.ActiveCfg = Release|x86
		{B704BCF3-320F-4BAE-84DF-EEC970FCEF1F}.AppStore|iPhone.Build.0 = Release|x86
		{B704BCF3-320F-4BAE-84DF-EEC970FCEF1F}.AppStore|iPhone.Deploy.0 = Release|x86
		{B704BCF3-320F-4BAE-84DF-EEC970FCEF1F}.AppStore|iPhoneSimulator.ActiveCfg = Release|x86
		{B704BCF3-320F-4BAE-84DF-EEC970FCEF1F}.AppStore|iPhoneSimulator.Build.0 = Release|x86
		{B704BCF3-320F-4BAE-84DF-EEC970FCEF1F}.AppStore|iPhoneSimulator.Deploy.0 = Release|x86
		{B704BCF3-320F-4BAE-84DF-EEC970FCEF1F}.AppStore|x64.ActiveCfg = Release|x64
		{B704BCF3-320F-4BAE-84DF-EEC970FCEF1F}.AppStore|x64.Build.0 = Release|x64
		{B704BCF3-320F-4BAE-84DF-EEC970FCEF1F}.AppStore|x64.Deploy.0 = Release|x64
		{B704BCF3-320F-4BAE-84DF-EEC970FCEF1F}.AppStore|x86.ActiveCfg = Release|x86
		{B704BCF3-320F-4BAE-84DF-EEC970FCEF1F}.AppStore|x86.Build.0 = Release|x86
		{B704BCF3-320F-4BAE-84DF-EEC970FCEF1F}.AppStore|x86.Deploy.0 = Release|x86
		{B704BCF3-320F-4BAE-84DF-EEC970FCEF1F}.Debug|Any CPU.ActiveCfg = Debug|x86
		{B704BCF3-320F-4BAE-84DF-EEC970FCEF1F}.Debug|ARM.ActiveCfg = Debug|ARM
		{B704BCF3-320F-4BAE-84DF-EEC970FCEF1F}.Debug|ARM.Build.0 = Debug|ARM
		{B704BCF3-320F-4BAE-84DF-EEC970FCEF1F}.Debug|ARM.Deploy.0 = Debug|ARM
		{B704BCF3-320F-4BAE-84DF-EEC970FCEF1F}.Debug|iPhone.ActiveCfg = Debug|x86
		{B704BCF3-320F-4BAE-84DF-EEC970FCEF1F}.Debug|iPhoneSimulator.ActiveCfg = Debug|x86
		{B704BCF3-320F-4BAE-84DF-EEC970FCEF1F}.Debug|x64.ActiveCfg = Debug|x64
		{B704BCF3-320F-4BAE-84DF-EEC970FCEF1F}.Debug|x64.Build.0 = Debug|x64
		{B704BCF3-320F-4BAE-84DF-EEC970FCEF1F}.Debug|x64.Deploy.0 = Debug|x64
		{B704BCF3-320F-4BAE-84DF-EEC970FCEF1F}.Debug|x86.ActiveCfg = Debug|x86
		{B704BCF3-320F-4BAE-84DF-EEC970FCEF1F}.Debug|x86.Build.0 = Debug|x86
		{B704BCF3-320F-4BAE-84DF-EEC970FCEF1F}.Debug|x86.Deploy.0 = Debug|x86
		{B704BCF3-320F-4BAE-84DF-EEC970FCEF1F}.Release|Any CPU.ActiveCfg = Release|x86
		{B704BCF3-320F-4BAE-84DF-EEC970FCEF1F}.Release|ARM.ActiveCfg = Release|ARM
		{B704BCF3-320F-4BAE-84DF-EEC970FCEF1F}.Release|ARM.Build.0 = Release|ARM
		{B704BCF3-320F-4BAE-84DF-EEC970FCEF1F}.Release|ARM.Deploy.0 = Release|ARM
		{B704BCF3-320F-4BAE-84DF-EEC970FCEF1F}.Release|iPhone.ActiveCfg = Release|x86
		{B704BCF3-320F-4BAE-84DF-EEC970FCEF1F}.Release|iPhoneSimulator.ActiveCfg = Release|x86
		{B704BCF3-320F-4BAE-84DF-EEC970FCEF1F}.Release|x64.ActiveCfg = Release|x64
		{B704BCF3-320F-4BAE-84DF-EEC970FCEF1F}.Release|x64.Build.0 = Release|x64
		{B704BCF3-320F-4BAE-84DF-EEC970FCEF1F}.Release|x64.Deploy.0 = Release|x64
		{B704BCF3-320F-4BAE-84DF-EEC970FCEF1F}.Release|x86.ActiveCfg = Release|x86
		{B704BCF3-320F-4BAE-84DF-EEC970FCEF1F}.Release|x86.Build.0 = Release|x86
		{B704BCF3-320F-4BAE-84DF-EEC970FCEF1F}.Release|x86.Deploy.0 = Release|x86
		{4BDB9F66-69E5-4100-95FC-665E1A0059CD}.Ad-Hoc|Any CPU.ActiveCfg = Debug|Any CPU
		{4BDB9F66-69E5-4100-95FC-665E1A0059CD}.Ad-Hoc|Any CPU.Build.0 = Debug|Any CPU
		{4BDB9F66-69E5-4100-95FC-665E1A0059CD}.Ad-Hoc|ARM.ActiveCfg = Debug|Any CPU
		{4BDB9F66-69E5-4100-95FC-665E1A0059CD}.Ad-Hoc|ARM.Build.0 = Debug|Any CPU
		{4BDB9F66-69E5-4100-95FC-665E1A0059CD}.Ad-Hoc|iPhone.ActiveCfg = Debug|Any CPU
		{4BDB9F66-69E5-4100-95FC-665E1A0059CD}.Ad-Hoc|iPhone.Build.0 = Debug|Any CPU
		{4BDB9F66-69E5-4100-95FC-665E1A0059CD}.Ad-Hoc|iPhoneSimulator.ActiveCfg = Debug|Any CPU
		{4BDB9F66-69E5-4100-95FC-665E1A0059CD}.Ad-Hoc|iPhoneSimulator.Build.0 = Debug|Any CPU
		{4BDB9F66-69E5-4100-95FC-665E1A0059CD}.Ad-Hoc|x64.ActiveCfg = Debug|Any CPU
		{4BDB9F66-69E5-4100-95FC-665E1A0059CD}.Ad-Hoc|x64.Build.0 = Debug|Any CPU
		{4BDB9F66-69E5-4100-95FC-665E1A0059CD}.Ad-Hoc|x86.ActiveCfg = Debug|Any CPU
		{4BDB9F66-69E5-4100-95FC-665E1A0059CD}.Ad-Hoc|x86.Build.0 = Debug|Any CPU
		{4BDB9F66-69E5-4100-95FC-665E1A0059CD}.AppStore|Any CPU.ActiveCfg = Debug|Any CPU
		{4BDB9F66-69E5-4100-95FC-665E1A0059CD}.AppStore|Any CPU.Build.0 = Debug|Any CPU
		{4BDB9F66-69E5-4100-95FC-665E1A0059CD}.AppStore|ARM.ActiveCfg = Debug|Any CPU
		{4BDB9F66-69E5-4100-95FC-665E1A0059CD}.AppStore|ARM.Build.0 = Debug|Any CPU
		{4BDB9F66-69E5-4100-95FC-665E1A0059CD}.AppStore|iPhone.ActiveCfg = Debug|Any CPU
		{4BDB9F66-69E5-4100-95FC-665E1A0059CD}.AppStore|iPhone.Build.0 = Debug|Any CPU
		{4BDB9F66-69E5-4100-95FC-665E1A0059CD}.AppStore|iPhoneSimulator.ActiveCfg = Debug|Any CPU
		{4BDB9F66-69E5-4100-95FC-665E1A0059CD}.AppStore|iPhoneSimulator.Build.0 = Debug|Any CPU
		{4BDB9F66-69E5-4100-95FC-665E1A0059CD}.AppStore|x64.ActiveCfg = Debug|Any CPU
		{4BDB9F66-69E5-4100-95FC-665E1A0059CD}.AppStore|x64.Build.0 = Debug|Any CPU
		{4BDB9F66-69E5-4100-95FC-665E1A0059CD}.AppStore|x86.ActiveCfg = Debug|Any CPU
		{4BDB9F66-69E5-4100-95FC-665E1A0059CD}.AppStore|x86.Build.0 = Debug|Any CPU
		{4BDB9F66-69E5-4100-95FC-665E1A0059CD}.Debug|Any CPU.ActiveCfg = Debug|Any CPU
		{4BDB9F66-69E5-4100-95FC-665E1A0059CD}.Debug|Any CPU.Build.0 = Debug|Any CPU
		{4BDB9F66-69E5-4100-95FC-665E1A0059CD}.Debug|ARM.ActiveCfg = Debug|Any CPU
		{4BDB9F66-69E5-4100-95FC-665E1A0059CD}.Debug|ARM.Build.0 = Debug|Any CPU
		{4BDB9F66-69E5-4100-95FC-665E1A0059CD}.Debug|iPhone.ActiveCfg = Debug|Any CPU
		{4BDB9F66-69E5-4100-95FC-665E1A0059CD}.Debug|iPhone.Build.0 = Debug|Any CPU
		{4BDB9F66-69E5-4100-95FC-665E1A0059CD}.Debug|iPhoneSimulator.ActiveCfg = Debug|Any CPU
		{4BDB9F66-69E5-4100-95FC-665E1A0059CD}.Debug|iPhoneSimulator.Build.0 = Debug|Any CPU
		{4BDB9F66-69E5-4100-95FC-665E1A0059CD}.Debug|x64.ActiveCfg = Debug|Any CPU
		{4BDB9F66-69E5-4100-95FC-665E1A0059CD}.Debug|x64.Build.0 = Debug|Any CPU
		{4BDB9F66-69E5-4100-95FC-665E1A0059CD}.Debug|x86.ActiveCfg = Debug|Any CPU
		{4BDB9F66-69E5-4100-95FC-665E1A0059CD}.Debug|x86.Build.0 = Debug|Any CPU
		{4BDB9F66-69E5-4100-95FC-665E1A0059CD}.Release|Any CPU.ActiveCfg = Release|Any CPU
		{4BDB9F66-69E5-4100-95FC-665E1A0059CD}.Release|Any CPU.Build.0 = Release|Any CPU
		{4BDB9F66-69E5-4100-95FC-665E1A0059CD}.Release|ARM.ActiveCfg = Release|Any CPU
		{4BDB9F66-69E5-4100-95FC-665E1A0059CD}.Release|ARM.Build.0 = Release|Any CPU
		{4BDB9F66-69E5-4100-95FC-665E1A0059CD}.Release|iPhone.ActiveCfg = Release|Any CPU
		{4BDB9F66-69E5-4100-95FC-665E1A0059CD}.Release|iPhone.Build.0 = Release|Any CPU
		{4BDB9F66-69E5-4100-95FC-665E1A0059CD}.Release|iPhoneSimulator.ActiveCfg = Release|Any CPU
		{4BDB9F66-69E5-4100-95FC-665E1A0059CD}.Release|iPhoneSimulator.Build.0 = Release|Any CPU
		{4BDB9F66-69E5-4100-95FC-665E1A0059CD}.Release|x64.ActiveCfg = Release|Any CPU
		{4BDB9F66-69E5-4100-95FC-665E1A0059CD}.Release|x64.Build.0 = Release|Any CPU
		{4BDB9F66-69E5-4100-95FC-665E1A0059CD}.Release|x86.ActiveCfg = Release|Any CPU
		{4BDB9F66-69E5-4100-95FC-665E1A0059CD}.Release|x86.Build.0 = Release|Any CPU
	EndGlobalSection
	GlobalSection(SolutionProperties) = preSolution
		HideSolutionNode = FALSE
	EndGlobalSection
	GlobalSection(ExtensibilityGlobals) = postSolution
		SolutionGuid = {A61BDC74-DD4C-490D-923F-4618801957A2}
	EndGlobalSection
EndGlobal
