
Microsoft Visual Studio Solution File, Format Version 12.00
# Visual Studio 15
VisualStudioVersion = 15.0.27130.0
MinimumVisualStudioVersion = 10.0.40219.1
Project("{FAE04EC0-301F-11D3-BF4B-00C04F79EFBC}") = "Hello.Android", "Hello\Hello.Android\Hello.Android.csproj", "{30A9466B-9C98-4D06-AB63-ED9384543DC0}"
EndProject
Project("{FAE04EC0-301F-11D3-BF4B-00C04F79EFBC}") = "Hello.iOS", "Hello\Hello.iOS\Hello.iOS.csproj", "{1997125A-17F4-46EE-9F7F-057F4E396A37}"
EndProject
Project("{FAE04EC0-301F-11D3-BF4B-00C04F79EFBC}") = "Hello.UWP", "Hello\Hello.UWP\Hello.UWP.csproj", "{72F1A2A0-0A09-4E5B-BEBF-C6EA2267DA9F}"
EndProject
Project("{D954291E-2A0B-460D-934E-DC6B0785DB48}") = "Hello", "Hello\Hello\Hello.shproj", "{4B534081-8546-46B5-83BF-D5A161EB0586}"
EndProject
Global
	GlobalSection(SharedMSBuildProjectFiles) = preSolution
		Hello\Hello\Hello.projitems*{1997125a-17f4-46ee-9f7f-057f4e396a37}*SharedItemsImports = 4
		Hello\Hello\Hello.projitems*{30a9466b-9c98-4d06-ab63-ed9384543dc0}*SharedItemsImports = 4
		Hello\Hello\Hello.projitems*{4b534081-8546-46b5-83bf-d5a161eb0586}*SharedItemsImports = 13
		Hello\Hello\Hello.projitems*{72f1a2a0-0a09-4e5b-bebf-c6ea2267da9f}*SharedItemsImports = 4
	EndGlobalSection
	GlobalSection(SolutionConfigurationPlatforms) = preSolution
		Ad-Hoc|Any CPU = Ad-Hoc|Any CPU
		Ad-Hoc|ARM = Ad-Hoc|ARM
		Ad-Hoc|iPhone = Ad-Hoc|iPhone
		Ad-Hoc|iPhoneSimulator = Ad-Hoc|iPhoneSimulator
		Ad-Hoc|x64 = Ad-Hoc|x64
		Ad-Hoc|x86 = Ad-Hoc|x86
		AppStore|Any CPU = AppStore|Any CPU
		AppStore|ARM = AppStore|ARM
		AppStore|iPhone = AppStore|iPhone
		AppStore|iPhoneSimulator = AppStore|iPhoneSimulator
		AppStore|x64 = AppStore|x64
		AppStore|x86 = AppStore|x86
		Debug|Any CPU = Debug|Any CPU
		Debug|ARM = Debug|ARM
		Debug|iPhone = Debug|iPhone
		Debug|iPhoneSimulator = Debug|iPhoneSimulator
		Debug|x64 = Debug|x64
		Debug|x86 = Debug|x86
		Release|Any CPU = Release|Any CPU
		Release|ARM = Release|ARM
		Release|iPhone = Release|iPhone
		Release|iPhoneSimulator = Release|iPhoneSimulator
		Release|x64 = Release|x64
		Release|x86 = Release|x86
	EndGlobalSection
	GlobalSection(ProjectConfigurationPlatforms) = postSolution
		{30A9466B-9C98-4D06-AB63-ED9384543DC0}.Ad-Hoc|Any CPU.ActiveCfg = Release|Any CPU
		{30A9466B-9C98-4D06-AB63-ED9384543DC0}.Ad-Hoc|Any CPU.Build.0 = Release|Any CPU
		{30A9466B-9C98-4D06-AB63-ED9384543DC0}.Ad-Hoc|Any CPU.Deploy.0 = Release|Any CPU
		{30A9466B-9C98-4D06-AB63-ED9384543DC0}.Ad-Hoc|ARM.ActiveCfg = Release|Any CPU
		{30A9466B-9C98-4D06-AB63-ED9384543DC0}.Ad-Hoc|ARM.Build.0 = Release|Any CPU
		{30A9466B-9C98-4D06-AB63-ED9384543DC0}.Ad-Hoc|ARM.Deploy.0 = Release|Any CPU
		{30A9466B-9C98-4D06-AB63-ED9384543DC0}.Ad-Hoc|iPhone.ActiveCfg = Release|Any CPU
		{30A9466B-9C98-4D06-AB63-ED9384543DC0}.Ad-Hoc|iPhone.Build.0 = Release|Any CPU
		{30A9466B-9C98-4D06-AB63-ED9384543DC0}.Ad-Hoc|iPhone.Deploy.0 = Release|Any CPU
		{30A9466B-9C98-4D06-AB63-ED9384543DC0}.Ad-Hoc|iPhoneSimulator.ActiveCfg = Release|Any CPU
		{30A9466B-9C98-4D06-AB63-ED9384543DC0}.Ad-Hoc|iPhoneSimulator.Build.0 = Release|Any CPU
		{30A9466B-9C98-4D06-AB63-ED9384543DC0}.Ad-Hoc|iPhoneSimulator.Deploy.0 = Release|Any CPU
		{30A9466B-9C98-4D06-AB63-ED9384543DC0}.Ad-Hoc|x64.ActiveCfg = Release|Any CPU
		{30A9466B-9C98-4D06-AB63-ED9384543DC0}.Ad-Hoc|x64.Build.0 = Release|Any CPU
		{30A9466B-9C98-4D06-AB63-ED9384543DC0}.Ad-Hoc|x64.Deploy.0 = Release|Any CPU
		{30A9466B-9C98-4D06-AB63-ED9384543DC0}.Ad-Hoc|x86.ActiveCfg = Release|Any CPU
		{30A9466B-9C98-4D06-AB63-ED9384543DC0}.Ad-Hoc|x86.Build.0 = Release|Any CPU
		{30A9466B-9C98-4D06-AB63-ED9384543DC0}.Ad-Hoc|x86.Deploy.0 = Release|Any CPU
		{30A9466B-9C98-4D06-AB63-ED9384543DC0}.AppStore|Any CPU.ActiveCfg = Release|Any CPU
		{30A9466B-9C98-4D06-AB63-ED9384543DC0}.AppStore|Any CPU.Build.0 = Release|Any CPU
		{30A9466B-9C98-4D06-AB63-ED9384543DC0}.AppStore|Any CPU.Deploy.0 = Release|Any CPU
		{30A9466B-9C98-4D06-AB63-ED9384543DC0}.AppStore|ARM.ActiveCfg = Release|Any CPU
		{30A9466B-9C98-4D06-AB63-ED9384543DC0}.AppStore|ARM.Build.0 = Release|Any CPU
		{30A9466B-9C98-4D06-AB63-ED9384543DC0}.AppStore|ARM.Deploy.0 = Release|Any CPU
		{30A9466B-9C98-4D06-AB63-ED9384543DC0}.AppStore|iPhone.ActiveCfg = Release|Any CPU
		{30A9466B-9C98-4D06-AB63-ED9384543DC0}.AppStore|iPhone.Build.0 = Release|Any CPU
		{30A9466B-9C98-4D06-AB63-ED9384543DC0}.AppStore|iPhone.Deploy.0 = Release|Any CPU
		{30A9466B-9C98-4D06-AB63-ED9384543DC0}.AppStore|iPhoneSimulator.ActiveCfg = Release|Any CPU
		{30A9466B-9C98-4D06-AB63-ED9384543DC0}.AppStore|iPhoneSimulator.Build.0 = Release|Any CPU
		{30A9466B-9C98-4D06-AB63-ED9384543DC0}.AppStore|iPhoneSimulator.Deploy.0 = Release|Any CPU
		{30A9466B-9C98-4D06-AB63-ED9384543DC0}.AppStore|x64.ActiveCfg = Release|Any CPU
		{30A9466B-9C98-4D06-AB63-ED9384543DC0}.AppStore|x64.Build.0 = Release|Any CPU
		{30A9466B-9C98-4D06-AB63-ED9384543DC0}.AppStore|x64.Deploy.0 = Release|Any CPU
		{30A9466B-9C98-4D06-AB63-ED9384543DC0}.AppStore|x86.ActiveCfg = Release|Any CPU
		{30A9466B-9C98-4D06-AB63-ED9384543DC0}.AppStore|x86.Build.0 = Release|Any CPU
		{30A9466B-9C98-4D06-AB63-ED9384543DC0}.AppStore|x86.Deploy.0 = Release|Any CPU
		{30A9466B-9C98-4D06-AB63-ED9384543DC0}.Debug|Any CPU.ActiveCfg = Debug|Any CPU
		{30A9466B-9C98-4D06-AB63-ED9384543DC0}.Debug|Any CPU.Build.0 = Debug|Any CPU
		{30A9466B-9C98-4D06-AB63-ED9384543DC0}.Debug|Any CPU.Deploy.0 = Debug|Any CPU
		{30A9466B-9C98-4D06-AB63-ED9384543DC0}.Debug|ARM.ActiveCfg = Debug|Any CPU
		{30A9466B-9C98-4D06-AB63-ED9384543DC0}.Debug|ARM.Build.0 = Debug|Any CPU
		{30A9466B-9C98-4D06-AB63-ED9384543DC0}.Debug|ARM.Deploy.0 = Debug|Any CPU
		{30A9466B-9C98-4D06-AB63-ED9384543DC0}.Debug|iPhone.ActiveCfg = Debug|Any CPU
		{30A9466B-9C98-4D06-AB63-ED9384543DC0}.Debug|iPhone.Build.0 = Debug|Any CPU
		{30A9466B-9C98-4D06-AB63-ED9384543DC0}.Debug|iPhone.Deploy.0 = Debug|Any CPU
		{30A9466B-9C98-4D06-AB63-ED9384543DC0}.Debug|iPhoneSimulator.ActiveCfg = Debug|Any CPU
		{30A9466B-9C98-4D06-AB63-ED9384543DC0}.Debug|iPhoneSimulator.Build.0 = Debug|Any CPU
		{30A9466B-9C98-4D06-AB63-ED9384543DC0}.Debug|iPhoneSimulator.Deploy.0 = Debug|Any CPU
		{30A9466B-9C98-4D06-AB63-ED9384543DC0}.Debug|x64.ActiveCfg = Debug|Any CPU
		{30A9466B-9C98-4D06-AB63-ED9384543DC0}.Debug|x64.Build.0 = Debug|Any CPU
		{30A9466B-9C98-4D06-AB63-ED9384543DC0}.Debug|x64.Deploy.0 = Debug|Any CPU
		{30A9466B-9C98-4D06-AB63-ED9384543DC0}.Debug|x86.ActiveCfg = Debug|Any CPU
		{30A9466B-9C98-4D06-AB63-ED9384543DC0}.Debug|x86.Build.0 = Debug|Any CPU
		{30A9466B-9C98-4D06-AB63-ED9384543DC0}.Debug|x86.Deploy.0 = Debug|Any CPU
		{30A9466B-9C98-4D06-AB63-ED9384543DC0}.Release|Any CPU.ActiveCfg = Release|Any CPU
		{30A9466B-9C98-4D06-AB63-ED9384543DC0}.Release|Any CPU.Build.0 = Release|Any CPU
		{30A9466B-9C98-4D06-AB63-ED9384543DC0}.Release|Any CPU.Deploy.0 = Release|Any CPU
		{30A9466B-9C98-4D06-AB63-ED9384543DC0}.Release|ARM.ActiveCfg = Release|Any CPU
		{30A9466B-9C98-4D06-AB63-ED9384543DC0}.Release|ARM.Build.0 = Release|Any CPU
		{30A9466B-9C98-4D06-AB63-ED9384543DC0}.Release|ARM.Deploy.0 = Release|Any CPU
		{30A9466B-9C98-4D06-AB63-ED9384543DC0}.Release|iPhone.ActiveCfg = Release|Any CPU
		{30A9466B-9C98-4D06-AB63-ED9384543DC0}.Release|iPhone.Build.0 = Release|Any CPU
		{30A9466B-9C98-4D06-AB63-ED9384543DC0}.Release|iPhone.Deploy.0 = Release|Any CPU
		{30A9466B-9C98-4D06-AB63-ED9384543DC0}.Release|iPhoneSimulator.ActiveCfg = Release|Any CPU
		{30A9466B-9C98-4D06-AB63-ED9384543DC0}.Release|iPhoneSimulator.Build.0 = Release|Any CPU
		{30A9466B-9C98-4D06-AB63-ED9384543DC0}.Release|iPhoneSimulator.Deploy.0 = Release|Any CPU
		{30A9466B-9C98-4D06-AB63-ED9384543DC0}.Release|x64.ActiveCfg = Release|Any CPU
		{30A9466B-9C98-4D06-AB63-ED9384543DC0}.Release|x64.Build.0 = Release|Any CPU
		{30A9466B-9C98-4D06-AB63-ED9384543DC0}.Release|x64.Deploy.0 = Release|Any CPU
		{30A9466B-9C98-4D06-AB63-ED9384543DC0}.Release|x86.ActiveCfg = Release|Any CPU
		{30A9466B-9C98-4D06-AB63-ED9384543DC0}.Release|x86.Build.0 = Release|Any CPU
		{30A9466B-9C98-4D06-AB63-ED9384543DC0}.Release|x86.Deploy.0 = Release|Any CPU
		{1997125A-17F4-46EE-9F7F-057F4E396A37}.Ad-Hoc|Any CPU.ActiveCfg = Ad-Hoc|iPhone
		{1997125A-17F4-46EE-9F7F-057F4E396A37}.Ad-Hoc|ARM.ActiveCfg = Ad-Hoc|iPhone
		{1997125A-17F4-46EE-9F7F-057F4E396A37}.Ad-Hoc|iPhone.ActiveCfg = Ad-Hoc|iPhone
		{1997125A-17F4-46EE-9F7F-057F4E396A37}.Ad-Hoc|iPhone.Build.0 = Ad-Hoc|iPhone
		{1997125A-17F4-46EE-9F7F-057F4E396A37}.Ad-Hoc|iPhoneSimulator.ActiveCfg = Ad-Hoc|iPhoneSimulator
		{1997125A-17F4-46EE-9F7F-057F4E396A37}.Ad-Hoc|iPhoneSimulator.Build.0 = Ad-Hoc|iPhoneSimulator
		{1997125A-17F4-46EE-9F7F-057F4E396A37}.Ad-Hoc|x64.ActiveCfg = Ad-Hoc|iPhone
		{1997125A-17F4-46EE-9F7F-057F4E396A37}.Ad-Hoc|x86.ActiveCfg = Ad-Hoc|iPhone
		{1997125A-17F4-46EE-9F7F-057F4E396A37}.AppStore|Any CPU.ActiveCfg = AppStore|iPhone
		{1997125A-17F4-46EE-9F7F-057F4E396A37}.AppStore|ARM.ActiveCfg = AppStore|iPhone
		{1997125A-17F4-46EE-9F7F-057F4E396A37}.AppStore|iPhone.ActiveCfg = AppStore|iPhone
		{1997125A-17F4-46EE-9F7F-057F4E396A37}.AppStore|iPhone.Build.0 = AppStore|iPhone
		{1997125A-17F4-46EE-9F7F-057F4E396A37}.AppStore|iPhoneSimulator.ActiveCfg = AppStore|iPhoneSimulator
		{1997125A-17F4-46EE-9F7F-057F4E396A37}.AppStore|iPhoneSimulator.Build.0 = AppStore|iPhoneSimulator
		{1997125A-17F4-46EE-9F7F-057F4E396A37}.AppStore|x64.ActiveCfg = AppStore|iPhone
		{1997125A-17F4-46EE-9F7F-057F4E396A37}.AppStore|x86.ActiveCfg = AppStore|iPhone
		{1997125A-17F4-46EE-9F7F-057F4E396A37}.Debug|Any CPU.ActiveCfg = Debug|iPhone
		{1997125A-17F4-46EE-9F7F-057F4E396A37}.Debug|ARM.ActiveCfg = Debug|iPhone
		{1997125A-17F4-46EE-9F7F-057F4E396A37}.Debug|iPhone.ActiveCfg = Debug|iPhone
		{1997125A-17F4-46EE-9F7F-057F4E396A37}.Debug|iPhone.Build.0 = Debug|iPhone
		{1997125A-17F4-46EE-9F7F-057F4E396A37}.Debug|iPhoneSimulator.ActiveCfg = Debug|iPhoneSimulator
		{1997125A-17F4-46EE-9F7F-057F4E396A37}.Debug|iPhoneSimulator.Build.0 = Debug|iPhoneSimulator
		{1997125A-17F4-46EE-9F7F-057F4E396A37}.Debug|x64.ActiveCfg = Debug|iPhone
		{1997125A-17F4-46EE-9F7F-057F4E396A37}.Debug|x86.ActiveCfg = Debug|iPhone
		{1997125A-17F4-46EE-9F7F-057F4E396A37}.Release|Any CPU.ActiveCfg = Release|iPhone
		{1997125A-17F4-46EE-9F7F-057F4E396A37}.Release|ARM.ActiveCfg = Release|iPhone
		{1997125A-17F4-46EE-9F7F-057F4E396A37}.Release|iPhone.ActiveCfg = Release|iPhone
		{1997125A-17F4-46EE-9F7F-057F4E396A37}.Release|iPhone.Build.0 = Release|iPhone
		{1997125A-17F4-46EE-9F7F-057F4E396A37}.Release|iPhoneSimulator.ActiveCfg = Release|iPhoneSimulator
		{1997125A-17F4-46EE-9F7F-057F4E396A37}.Release|iPhoneSimulator.Build.0 = Release|iPhoneSimulator
		{1997125A-17F4-46EE-9F7F-057F4E396A37}.Release|x64.ActiveCfg = Release|iPhone
		{1997125A-17F4-46EE-9F7F-057F4E396A37}.Release|x86.ActiveCfg = Release|iPhone
		{72F1A2A0-0A09-4E5B-BEBF-C6EA2267DA9F}.Ad-Hoc|Any CPU.ActiveCfg = Release|x86
		{72F1A2A0-0A09-4E5B-BEBF-C6EA2267DA9F}.Ad-Hoc|Any CPU.Build.0 = Release|x86
		{72F1A2A0-0A09-4E5B-BEBF-C6EA2267DA9F}.Ad-Hoc|Any CPU.Deploy.0 = Release|x86
		{72F1A2A0-0A09-4E5B-BEBF-C6EA2267DA9F}.Ad-Hoc|ARM.ActiveCfg = Release|ARM
		{72F1A2A0-0A09-4E5B-BEBF-C6EA2267DA9F}.Ad-Hoc|ARM.Build.0 = Release|ARM
		{72F1A2A0-0A09-4E5B-BEBF-C6EA2267DA9F}.Ad-Hoc|ARM.Deploy.0 = Release|ARM
		{72F1A2A0-0A09-4E5B-BEBF-C6EA2267DA9F}.Ad-Hoc|iPhone.ActiveCfg = Release|x86
		{72F1A2A0-0A09-4E5B-BEBF-C6EA2267DA9F}.Ad-Hoc|iPhone.Build.0 = Release|x86
		{72F1A2A0-0A09-4E5B-BEBF-C6EA2267DA9F}.Ad-Hoc|iPhone.Deploy.0 = Release|x86
		{72F1A2A0-0A09-4E5B-BEBF-C6EA2267DA9F}.Ad-Hoc|iPhoneSimulator.ActiveCfg = Release|x86
		{72F1A2A0-0A09-4E5B-BEBF-C6EA2267DA9F}.Ad-Hoc|iPhoneSimulator.Build.0 = Release|x86
		{72F1A2A0-0A09-4E5B-BEBF-C6EA2267DA9F}.Ad-Hoc|iPhoneSimulator.Deploy.0 = Release|x86
		{72F1A2A0-0A09-4E5B-BEBF-C6EA2267DA9F}.Ad-Hoc|x64.ActiveCfg = Release|x64
		{72F1A2A0-0A09-4E5B-BEBF-C6EA2267DA9F}.Ad-Hoc|x64.Build.0 = Release|x64
		{72F1A2A0-0A09-4E5B-BEBF-C6EA2267DA9F}.Ad-Hoc|x64.Deploy.0 = Release|x64
		{72F1A2A0-0A09-4E5B-BEBF-C6EA2267DA9F}.Ad-Hoc|x86.ActiveCfg = Release|x86
		{72F1A2A0-0A09-4E5B-BEBF-C6EA2267DA9F}.Ad-Hoc|x86.Build.0 = Release|x86
		{72F1A2A0-0A09-4E5B-BEBF-C6EA2267DA9F}.Ad-Hoc|x86.Deploy.0 = Release|x86
		{72F1A2A0-0A09-4E5B-BEBF-C6EA2267DA9F}.AppStore|Any CPU.ActiveCfg = Release|x86
		{72F1A2A0-0A09-4E5B-BEBF-C6EA2267DA9F}.AppStore|Any CPU.Build.0 = Release|x86
		{72F1A2A0-0A09-4E5B-BEBF-C6EA2267DA9F}.AppStore|Any CPU.Deploy.0 = Release|x86
		{72F1A2A0-0A09-4E5B-BEBF-C6EA2267DA9F}.AppStore|ARM.ActiveCfg = Release|ARM
		{72F1A2A0-0A09-4E5B-BEBF-C6EA2267DA9F}.AppStore|ARM.Build.0 = Release|ARM
		{72F1A2A0-0A09-4E5B-BEBF-C6EA2267DA9F}.AppStore|ARM.Deploy.0 = Release|ARM
		{72F1A2A0-0A09-4E5B-BEBF-C6EA2267DA9F}.AppStore|iPhone.ActiveCfg = Release|x86
		{72F1A2A0-0A09-4E5B-BEBF-C6EA2267DA9F}.AppStore|iPhone.Build.0 = Release|x86
		{72F1A2A0-0A09-4E5B-BEBF-C6EA2267DA9F}.AppStore|iPhone.Deploy.0 = Release|x86
		{72F1A2A0-0A09-4E5B-BEBF-C6EA2267DA9F}.AppStore|iPhoneSimulator.ActiveCfg = Release|x86
		{72F1A2A0-0A09-4E5B-BEBF-C6EA2267DA9F}.AppStore|iPhoneSimulator.Build.0 = Release|x86
		{72F1A2A0-0A09-4E5B-BEBF-C6EA2267DA9F}.AppStore|iPhoneSimulator.Deploy.0 = Release|x86
		{72F1A2A0-0A09-4E5B-BEBF-C6EA2267DA9F}.AppStore|x64.ActiveCfg = Release|x64
		{72F1A2A0-0A09-4E5B-BEBF-C6EA2267DA9F}.AppStore|x64.Build.0 = Release|x64
		{72F1A2A0-0A09-4E5B-BEBF-C6EA2267DA9F}.AppStore|x64.Deploy.0 = Release|x64
		{72F1A2A0-0A09-4E5B-BEBF-C6EA2267DA9F}.AppStore|x86.ActiveCfg = Release|x86
		{72F1A2A0-0A09-4E5B-BEBF-C6EA2267DA9F}.AppStore|x86.Build.0 = Release|x86
		{72F1A2A0-0A09-4E5B-BEBF-C6EA2267DA9F}.AppStore|x86.Deploy.0 = Release|x86
		{72F1A2A0-0A09-4E5B-BEBF-C6EA2267DA9F}.Debug|Any CPU.ActiveCfg = Debug|x86
		{72F1A2A0-0A09-4E5B-BEBF-C6EA2267DA9F}.Debug|ARM.ActiveCfg = Debug|ARM
		{72F1A2A0-0A09-4E5B-BEBF-C6EA2267DA9F}.Debug|ARM.Build.0 = Debug|ARM
		{72F1A2A0-0A09-4E5B-BEBF-C6EA2267DA9F}.Debug|ARM.Deploy.0 = Debug|ARM
		{72F1A2A0-0A09-4E5B-BEBF-C6EA2267DA9F}.Debug|iPhone.ActiveCfg = Debug|x86
		{72F1A2A0-0A09-4E5B-BEBF-C6EA2267DA9F}.Debug|iPhoneSimulator.ActiveCfg = Debug|x86
		{72F1A2A0-0A09-4E5B-BEBF-C6EA2267DA9F}.Debug|x64.ActiveCfg = Debug|x64
		{72F1A2A0-0A09-4E5B-BEBF-C6EA2267DA9F}.Debug|x64.Build.0 = Debug|x64
		{72F1A2A0-0A09-4E5B-BEBF-C6EA2267DA9F}.Debug|x64.Deploy.0 = Debug|x64
		{72F1A2A0-0A09-4E5B-BEBF-C6EA2267DA9F}.Debug|x86.ActiveCfg = Debug|x86
		{72F1A2A0-0A09-4E5B-BEBF-C6EA2267DA9F}.Debug|x86.Build.0 = Debug|x86
		{72F1A2A0-0A09-4E5B-BEBF-C6EA2267DA9F}.Debug|x86.Deploy.0 = Debug|x86
		{72F1A2A0-0A09-4E5B-BEBF-C6EA2267DA9F}.Release|Any CPU.ActiveCfg = Release|x86
		{72F1A2A0-0A09-4E5B-BEBF-C6EA2267DA9F}.Release|ARM.ActiveCfg = Release|ARM
		{72F1A2A0-0A09-4E5B-BEBF-C6EA2267DA9F}.Release|ARM.Build.0 = Release|ARM
		{72F1A2A0-0A09-4E5B-BEBF-C6EA2267DA9F}.Release|ARM.Deploy.0 = Release|ARM
		{72F1A2A0-0A09-4E5B-BEBF-C6EA2267DA9F}.Release|iPhone.ActiveCfg = Release|x86
		{72F1A2A0-0A09-4E5B-BEBF-C6EA2267DA9F}.Release|iPhoneSimulator.ActiveCfg = Release|x86
		{72F1A2A0-0A09-4E5B-BEBF-C6EA2267DA9F}.Release|x64.ActiveCfg = Release|x64
		{72F1A2A0-0A09-4E5B-BEBF-C6EA2267DA9F}.Release|x64.Build.0 = Release|x64
		{72F1A2A0-0A09-4E5B-BEBF-C6EA2267DA9F}.Release|x64.Deploy.0 = Release|x64
		{72F1A2A0-0A09-4E5B-BEBF-C6EA2267DA9F}.Release|x86.ActiveCfg = Release|x86
		{72F1A2A0-0A09-4E5B-BEBF-C6EA2267DA9F}.Release|x86.Build.0 = Release|x86
		{72F1A2A0-0A09-4E5B-BEBF-C6EA2267DA9F}.Release|x86.Deploy.0 = Release|x86
	EndGlobalSection
	GlobalSection(SolutionProperties) = preSolution
		HideSolutionNode = FALSE
	EndGlobalSection
	GlobalSection(ExtensibilityGlobals) = postSolution
		SolutionGuid = {D767B3A5-2603-4ADB-A425-FEDBC7E344C5}
	EndGlobalSection
EndGlobal
