
Microsoft Visual Studio Solution File, Format Version 12.00
# Visual Studio 15
VisualStudioVersion = 15.0.27130.0
MinimumVisualStudioVersion = 10.0.40219.1
Project("{FAE04EC0-301F-11D3-BF4B-00C04F79EFBC}") = "App1.Android", "App1\App1.Android\App1.Android.csproj", "{2EC24587-513D-42C5-A792-0E87EC01027E}"
EndProject
Project("{FAE04EC0-301F-11D3-BF4B-00C04F79EFBC}") = "App1.iOS", "App1\App1.iOS\App1.iOS.csproj", "{3F0D6BBB-B37D-418A-B280-496A696862EE}"
EndProject
Project("{FAE04EC0-301F-11D3-BF4B-00C04F79EFBC}") = "App1.UWP", "App1\App1.UWP\App1.UWP.csproj", "{12DD3ACD-AF62-4820-BE1E-CF5934F9EC26}"
EndProject
Project("{FAE04EC0-301F-11D3-BF4B-00C04F79EFBC}") = "App1", "App1\App1\App1.csproj", "{D215B77F-4ED6-4274-9E27-6C273D87EB02}"
EndProject
Global
	GlobalSection(SolutionConfigurationPlatforms) = preSolution
		Ad-Hoc|Any CPU = Ad-Hoc|Any CPU
		Ad-Hoc|ARM = Ad-Hoc|ARM
		Ad-Hoc|iPhone = Ad-Hoc|iPhone
		Ad-Hoc|iPhoneSimulator = Ad-Hoc|iPhoneSimulator
		Ad-Hoc|x64 = Ad-Hoc|x64
		Ad-Hoc|x86 = Ad-Hoc|x86
		AppStore|Any CPU = AppStore|Any CPU
		AppStore|ARM = AppStore|ARM
		AppStore|iPhone = AppStore|iPhone
		AppStore|iPhoneSimulator = AppStore|iPhoneSimulator
		AppStore|x64 = AppStore|x64
		AppStore|x86 = AppStore|x86
		Debug|Any CPU = Debug|Any CPU
		Debug|ARM = Debug|ARM
		Debug|iPhone = Debug|iPhone
		Debug|iPhoneSimulator = Debug|iPhoneSimulator
		Debug|x64 = Debug|x64
		Debug|x86 = Debug|x86
		Release|Any CPU = Release|Any CPU
		Release|ARM = Release|ARM
		Release|iPhone = Release|iPhone
		Release|iPhoneSimulator = Release|iPhoneSimulator
		Release|x64 = Release|x64
		Release|x86 = Release|x86
	EndGlobalSection
	GlobalSection(ProjectConfigurationPlatforms) = postSolution
		{2EC24587-513D-42C5-A792-0E87EC01027E}.Ad-Hoc|Any CPU.ActiveCfg = Release|Any CPU
		{2EC24587-513D-42C5-A792-0E87EC01027E}.Ad-Hoc|Any CPU.Build.0 = Release|Any CPU
		{2EC24587-513D-42C5-A792-0E87EC01027E}.Ad-Hoc|Any CPU.Deploy.0 = Release|Any CPU
		{2EC24587-513D-42C5-A792-0E87EC01027E}.Ad-Hoc|ARM.ActiveCfg = Release|Any CPU
		{2EC24587-513D-42C5-A792-0E87EC01027E}.Ad-Hoc|ARM.Build.0 = Release|Any CPU
		{2EC24587-513D-42C5-A792-0E87EC01027E}.Ad-Hoc|ARM.Deploy.0 = Release|Any CPU
		{2EC24587-513D-42C5-A792-0E87EC01027E}.Ad-Hoc|iPhone.ActiveCfg = Release|Any CPU
		{2EC24587-513D-42C5-A792-0E87EC01027E}.Ad-Hoc|iPhone.Build.0 = Release|Any CPU
		{2EC24587-513D-42C5-A792-0E87EC01027E}.Ad-Hoc|iPhone.Deploy.0 = Release|Any CPU
		{2EC24587-513D-42C5-A792-0E87EC01027E}.Ad-Hoc|iPhoneSimulator.ActiveCfg = Release|Any CPU
		{2EC24587-513D-42C5-A792-0E87EC01027E}.Ad-Hoc|iPhoneSimulator.Build.0 = Release|Any CPU
		{2EC24587-513D-42C5-A792-0E87EC01027E}.Ad-Hoc|iPhoneSimulator.Deploy.0 = Release|Any CPU
		{2EC24587-513D-42C5-A792-0E87EC01027E}.Ad-Hoc|x64.ActiveCfg = Release|Any CPU
		{2EC24587-513D-42C5-A792-0E87EC01027E}.Ad-Hoc|x64.Build.0 = Release|Any CPU
		{2EC24587-513D-42C5-A792-0E87EC01027E}.Ad-Hoc|x64.Deploy.0 = Release|Any CPU
		{2EC24587-513D-42C5-A792-0E87EC01027E}.Ad-Hoc|x86.ActiveCfg = Release|Any CPU
		{2EC24587-513D-42C5-A792-0E87EC01027E}.Ad-Hoc|x86.Build.0 = Release|Any CPU
		{2EC24587-513D-42C5-A792-0E87EC01027E}.Ad-Hoc|x86.Deploy.0 = Release|Any CPU
		{2EC24587-513D-42C5-A792-0E87EC01027E}.AppStore|Any CPU.ActiveCfg = Release|Any CPU
		{2EC24587-513D-42C5-A792-0E87EC01027E}.AppStore|Any CPU.Build.0 = Release|Any CPU
		{2EC24587-513D-42C5-A792-0E87EC01027E}.AppStore|Any CPU.Deploy.0 = Release|Any CPU
		{2EC24587-513D-42C5-A792-0E87EC01027E}.AppStore|ARM.ActiveCfg = Release|Any CPU
		{2EC24587-513D-42C5-A792-0E87EC01027E}.AppStore|ARM.Build.0 = Release|Any CPU
		{2EC24587-513D-42C5-A792-0E87EC01027E}.AppStore|ARM.Deploy.0 = Release|Any CPU
		{2EC24587-513D-42C5-A792-0E87EC01027E}.AppStore|iPhone.ActiveCfg = Release|Any CPU
		{2EC24587-513D-42C5-A792-0E87EC01027E}.AppStore|iPhone.Build.0 = Release|Any CPU
		{2EC24587-513D-42C5-A792-0E87EC01027E}.AppStore|iPhone.Deploy.0 = Release|Any CPU
		{2EC24587-513D-42C5-A792-0E87EC01027E}.AppStore|iPhoneSimulator.ActiveCfg = Release|Any CPU
		{2EC24587-513D-42C5-A792-0E87EC01027E}.AppStore|iPhoneSimulator.Build.0 = Release|Any CPU
		{2EC24587-513D-42C5-A792-0E87EC01027E}.AppStore|iPhoneSimulator.Deploy.0 = Release|Any CPU
		{2EC24587-513D-42C5-A792-0E87EC01027E}.AppStore|x64.ActiveCfg = Release|Any CPU
		{2EC24587-513D-42C5-A792-0E87EC01027E}.AppStore|x64.Build.0 = Release|Any CPU
		{2EC24587-513D-42C5-A792-0E87EC01027E}.AppStore|x64.Deploy.0 = Release|Any CPU
		{2EC24587-513D-42C5-A792-0E87EC01027E}.AppStore|x86.ActiveCfg = Release|Any CPU
		{2EC24587-513D-42C5-A792-0E87EC01027E}.AppStore|x86.Build.0 = Release|Any CPU
		{2EC24587-513D-42C5-A792-0E87EC01027E}.AppStore|x86.Deploy.0 = Release|Any CPU
		{2EC24587-513D-42C5-A792-0E87EC01027E}.Debug|Any CPU.ActiveCfg = Debug|Any CPU
		{2EC24587-513D-42C5-A792-0E87EC01027E}.Debug|Any CPU.Build.0 = Debug|Any CPU
		{2EC24587-513D-42C5-A792-0E87EC01027E}.Debug|Any CPU.Deploy.0 = Debug|Any CPU
		{2EC24587-513D-42C5-A792-0E87EC01027E}.Debug|ARM.ActiveCfg = Debug|Any CPU
		{2EC24587-513D-42C5-A792-0E87EC01027E}.Debug|ARM.Build.0 = Debug|Any CPU
		{2EC24587-513D-42C5-A792-0E87EC01027E}.Debug|ARM.Deploy.0 = Debug|Any CPU
		{2EC24587-513D-42C5-A792-0E87EC01027E}.Debug|iPhone.ActiveCfg = Debug|Any CPU
		{2EC24587-513D-42C5-A792-0E87EC01027E}.Debug|iPhone.Build.0 = Debug|Any CPU
		{2EC24587-513D-42C5-A792-0E87EC01027E}.Debug|iPhone.Deploy.0 = Debug|Any CPU
		{2EC24587-513D-42C5-A792-0E87EC01027E}.Debug|iPhoneSimulator.ActiveCfg = Debug|Any CPU
		{2EC24587-513D-42C5-A792-0E87EC01027E}.Debug|iPhoneSimulator.Build.0 = Debug|Any CPU
		{2EC24587-513D-42C5-A792-0E87EC01027E}.Debug|iPhoneSimulator.Deploy.0 = Debug|Any CPU
		{2EC24587-513D-42C5-A792-0E87EC01027E}.Debug|x64.ActiveCfg = Debug|Any CPU
		{2EC24587-513D-42C5-A792-0E87EC01027E}.Debug|x64.Build.0 = Debug|Any CPU
		{2EC24587-513D-42C5-A792-0E87EC01027E}.Debug|x64.Deploy.0 = Debug|Any CPU
		{2EC24587-513D-42C5-A792-0E87EC01027E}.Debug|x86.ActiveCfg = Debug|Any CPU
		{2EC24587-513D-42C5-A792-0E87EC01027E}.Debug|x86.Build.0 = Debug|Any CPU
		{2EC24587-513D-42C5-A792-0E87EC01027E}.Debug|x86.Deploy.0 = Debug|Any CPU
		{2EC24587-513D-42C5-A792-0E87EC01027E}.Release|Any CPU.ActiveCfg = Release|Any CPU
		{2EC24587-513D-42C5-A792-0E87EC01027E}.Release|Any CPU.Build.0 = Release|Any CPU
		{2EC24587-513D-42C5-A792-0E87EC01027E}.Release|Any CPU.Deploy.0 = Release|Any CPU
		{2EC24587-513D-42C5-A792-0E87EC01027E}.Release|ARM.ActiveCfg = Release|Any CPU
		{2EC24587-513D-42C5-A792-0E87EC01027E}.Release|ARM.Build.0 = Release|Any CPU
		{2EC24587-513D-42C5-A792-0E87EC01027E}.Release|ARM.Deploy.0 = Release|Any CPU
		{2EC24587-513D-42C5-A792-0E87EC01027E}.Release|iPhone.ActiveCfg = Release|Any CPU
		{2EC24587-513D-42C5-A792-0E87EC01027E}.Release|iPhone.Build.0 = Release|Any CPU
		{2EC24587-513D-42C5-A792-0E87EC01027E}.Release|iPhone.Deploy.0 = Release|Any CPU
		{2EC24587-513D-42C5-A792-0E87EC01027E}.Release|iPhoneSimulator.ActiveCfg = Release|Any CPU
		{2EC24587-513D-42C5-A792-0E87EC01027E}.Release|iPhoneSimulator.Build.0 = Release|Any CPU
		{2EC24587-513D-42C5-A792-0E87EC01027E}.Release|iPhoneSimulator.Deploy.0 = Release|Any CPU
		{2EC24587-513D-42C5-A792-0E87EC01027E}.Release|x64.ActiveCfg = Release|Any CPU
		{2EC24587-513D-42C5-A792-0E87EC01027E}.Release|x64.Build.0 = Release|Any CPU
		{2EC24587-513D-42C5-A792-0E87EC01027E}.Release|x64.Deploy.0 = Release|Any CPU
		{2EC24587-513D-42C5-A792-0E87EC01027E}.Release|x86.ActiveCfg = Release|Any CPU
		{2EC24587-513D-42C5-A792-0E87EC01027E}.Release|x86.Build.0 = Release|Any CPU
		{2EC24587-513D-42C5-A792-0E87EC01027E}.Release|x86.Deploy.0 = Release|Any CPU
		{3F0D6BBB-B37D-418A-B280-496A696862EE}.Ad-Hoc|Any CPU.ActiveCfg = Ad-Hoc|iPhone
		{3F0D6BBB-B37D-418A-B280-496A696862EE}.Ad-Hoc|ARM.ActiveCfg = Ad-Hoc|iPhone
		{3F0D6BBB-B37D-418A-B280-496A696862EE}.Ad-Hoc|iPhone.ActiveCfg = Ad-Hoc|iPhone
		{3F0D6BBB-B37D-418A-B280-496A696862EE}.Ad-Hoc|iPhone.Build.0 = Ad-Hoc|iPhone
		{3F0D6BBB-B37D-418A-B280-496A696862EE}.Ad-Hoc|iPhoneSimulator.ActiveCfg = Ad-Hoc|iPhoneSimulator
		{3F0D6BBB-B37D-418A-B280-496A696862EE}.Ad-Hoc|iPhoneSimulator.Build.0 = Ad-Hoc|iPhoneSimulator
		{3F0D6BBB-B37D-418A-B280-496A696862EE}.Ad-Hoc|x64.ActiveCfg = Ad-Hoc|iPhone
		{3F0D6BBB-B37D-418A-B280-496A696862EE}.Ad-Hoc|x86.ActiveCfg = Ad-Hoc|iPhone
		{3F0D6BBB-B37D-418A-B280-496A696862EE}.AppStore|Any CPU.ActiveCfg = AppStore|iPhone
		{3F0D6BBB-B37D-418A-B280-496A696862EE}.AppStore|ARM.ActiveCfg = AppStore|iPhone
		{3F0D6BBB-B37D-418A-B280-496A696862EE}.AppStore|iPhone.ActiveCfg = AppStore|iPhone
		{3F0D6BBB-B37D-418A-B280-496A696862EE}.AppStore|iPhone.Build.0 = AppStore|iPhone
		{3F0D6BBB-B37D-418A-B280-496A696862EE}.AppStore|iPhoneSimulator.ActiveCfg = AppStore|iPhoneSimulator
		{3F0D6BBB-B37D-418A-B280-496A696862EE}.AppStore|iPhoneSimulator.Build.0 = AppStore|iPhoneSimulator
		{3F0D6BBB-B37D-418A-B280-496A696862EE}.AppStore|x64.ActiveCfg = AppStore|iPhone
		{3F0D6BBB-B37D-418A-B280-496A696862EE}.AppStore|x86.ActiveCfg = AppStore|iPhone
		{3F0D6BBB-B37D-418A-B280-496A696862EE}.Debug|Any CPU.ActiveCfg = Debug|iPhone
		{3F0D6BBB-B37D-418A-B280-496A696862EE}.Debug|ARM.ActiveCfg = Debug|iPhone
		{3F0D6BBB-B37D-418A-B280-496A696862EE}.Debug|iPhone.ActiveCfg = Debug|iPhone
		{3F0D6BBB-B37D-418A-B280-496A696862EE}.Debug|iPhone.Build.0 = Debug|iPhone
		{3F0D6BBB-B37D-418A-B280-496A696862EE}.Debug|iPhoneSimulator.ActiveCfg = Debug|iPhoneSimulator
		{3F0D6BBB-B37D-418A-B280-496A696862EE}.Debug|iPhoneSimulator.Build.0 = Debug|iPhoneSimulator
		{3F0D6BBB-B37D-418A-B280-496A696862EE}.Debug|x64.ActiveCfg = Debug|iPhone
		{3F0D6BBB-B37D-418A-B280-496A696862EE}.Debug|x86.ActiveCfg = Debug|iPhone
		{3F0D6BBB-B37D-418A-B280-496A696862EE}.Release|Any CPU.ActiveCfg = Release|iPhone
		{3F0D6BBB-B37D-418A-B280-496A696862EE}.Release|ARM.ActiveCfg = Release|iPhone
		{3F0D6BBB-B37D-418A-B280-496A696862EE}.Release|iPhone.ActiveCfg = Release|iPhone
		{3F0D6BBB-B37D-418A-B280-496A696862EE}.Release|iPhone.Build.0 = Release|iPhone
		{3F0D6BBB-B37D-418A-B280-496A696862EE}.Release|iPhoneSimulator.ActiveCfg = Release|iPhoneSimulator
		{3F0D6BBB-B37D-418A-B280-496A696862EE}.Release|iPhoneSimulator.Build.0 = Release|iPhoneSimulator
		{3F0D6BBB-B37D-418A-B280-496A696862EE}.Release|x64.ActiveCfg = Release|iPhone
		{3F0D6BBB-B37D-418A-B280-496A696862EE}.Release|x86.ActiveCfg = Release|iPhone
		{12DD3ACD-AF62-4820-BE1E-CF5934F9EC26}.Ad-Hoc|Any CPU.ActiveCfg = Release|x86
		{12DD3ACD-AF62-4820-BE1E-CF5934F9EC26}.Ad-Hoc|Any CPU.Build.0 = Release|x86
		{12DD3ACD-AF62-4820-BE1E-CF5934F9EC26}.Ad-Hoc|Any CPU.Deploy.0 = Release|x86
		{12DD3ACD-AF62-4820-BE1E-CF5934F9EC26}.Ad-Hoc|ARM.ActiveCfg = Release|ARM
		{12DD3ACD-AF62-4820-BE1E-CF5934F9EC26}.Ad-Hoc|ARM.Build.0 = Release|ARM
		{12DD3ACD-AF62-4820-BE1E-CF5934F9EC26}.Ad-Hoc|ARM.Deploy.0 = Release|ARM
		{12DD3ACD-AF62-4820-BE1E-CF5934F9EC26}.Ad-Hoc|iPhone.ActiveCfg = Release|x86
		{12DD3ACD-AF62-4820-BE1E-CF5934F9EC26}.Ad-Hoc|iPhone.Build.0 = Release|x86
		{12DD3ACD-AF62-4820-BE1E-CF5934F9EC26}.Ad-Hoc|iPhone.Deploy.0 = Release|x86
		{12DD3ACD-AF62-4820-BE1E-CF5934F9EC26}.Ad-Hoc|iPhoneSimulator.ActiveCfg = Release|x86
		{12DD3ACD-AF62-4820-BE1E-CF5934F9EC26}.Ad-Hoc|iPhoneSimulator.Build.0 = Release|x86
		{12DD3ACD-AF62-4820-BE1E-CF5934F9EC26}.Ad-Hoc|iPhoneSimulator.Deploy.0 = Release|x86
		{12DD3ACD-AF62-4820-BE1E-CF5934F9EC26}.Ad-Hoc|x64.ActiveCfg = Release|x64
		{12DD3ACD-AF62-4820-BE1E-CF5934F9EC26}.Ad-Hoc|x64.Build.0 = Release|x64
		{12DD3ACD-AF62-4820-BE1E-CF5934F9EC26}.Ad-Hoc|x64.Deploy.0 = Release|x64
		{12DD3ACD-AF62-4820-BE1E-CF5934F9EC26}.Ad-Hoc|x86.ActiveCfg = Release|x86
		{12DD3ACD-AF62-4820-BE1E-CF5934F9EC26}.Ad-Hoc|x86.Build.0 = Release|x86
		{12DD3ACD-AF62-4820-BE1E-CF5934F9EC26}.Ad-Hoc|x86.Deploy.0 = Release|x86
		{12DD3ACD-AF62-4820-BE1E-CF5934F9EC26}.AppStore|Any CPU.ActiveCfg = Release|x86
		{12DD3ACD-AF62-4820-BE1E-CF5934F9EC26}.AppStore|Any CPU.Build.0 = Release|x86
		{12DD3ACD-AF62-4820-BE1E-CF5934F9EC26}.AppStore|Any CPU.Deploy.0 = Release|x86
		{12DD3ACD-AF62-4820-BE1E-CF5934F9EC26}.AppStore|ARM.ActiveCfg = Release|ARM
		{12DD3ACD-AF62-4820-BE1E-CF5934F9EC26}.AppStore|ARM.Build.0 = Release|ARM
		{12DD3ACD-AF62-4820-BE1E-CF5934F9EC26}.AppStore|ARM.Deploy.0 = Release|ARM
		{12DD3ACD-AF62-4820-BE1E-CF5934F9EC26}.AppStore|iPhone.ActiveCfg = Release|x86
		{12DD3ACD-AF62-4820-BE1E-CF5934F9EC26}.AppStore|iPhone.Build.0 = Release|x86
		{12DD3ACD-AF62-4820-BE1E-CF5934F9EC26}.AppStore|iPhone.Deploy.0 = Release|x86
		{12DD3ACD-AF62-4820-BE1E-CF5934F9EC26}.AppStore|iPhoneSimulator.ActiveCfg = Release|x86
		{12DD3ACD-AF62-4820-BE1E-CF5934F9EC26}.AppStore|iPhoneSimulator.Build.0 = Release|x86
		{12DD3ACD-AF62-4820-BE1E-CF5934F9EC26}.AppStore|iPhoneSimulator.Deploy.0 = Release|x86
		{12DD3ACD-AF62-4820-BE1E-CF5934F9EC26}.AppStore|x64.ActiveCfg = Release|x64
		{12DD3ACD-AF62-4820-BE1E-CF5934F9EC26}.AppStore|x64.Build.0 = Release|x64
		{12DD3ACD-AF62-4820-BE1E-CF5934F9EC26}.AppStore|x64.Deploy.0 = Release|x64
		{12DD3ACD-AF62-4820-BE1E-CF5934F9EC26}.AppStore|x86.ActiveCfg = Release|x86
		{12DD3ACD-AF62-4820-BE1E-CF5934F9EC26}.AppStore|x86.Build.0 = Release|x86
		{12DD3ACD-AF62-4820-BE1E-CF5934F9EC26}.AppStore|x86.Deploy.0 = Release|x86
		{12DD3ACD-AF62-4820-BE1E-CF5934F9EC26}.Debug|Any CPU.ActiveCfg = Debug|x86
		{12DD3ACD-AF62-4820-BE1E-CF5934F9EC26}.Debug|ARM.ActiveCfg = Debug|ARM
		{12DD3ACD-AF62-4820-BE1E-CF5934F9EC26}.Debug|ARM.Build.0 = Debug|ARM
		{12DD3ACD-AF62-4820-BE1E-CF5934F9EC26}.Debug|ARM.Deploy.0 = Debug|ARM
		{12DD3ACD-AF62-4820-BE1E-CF5934F9EC26}.Debug|iPhone.ActiveCfg = Debug|x86
		{12DD3ACD-AF62-4820-BE1E-CF5934F9EC26}.Debug|iPhoneSimulator.ActiveCfg = Debug|x86
		{12DD3ACD-AF62-4820-BE1E-CF5934F9EC26}.Debug|x64.ActiveCfg = Debug|x64
		{12DD3ACD-AF62-4820-BE1E-CF5934F9EC26}.Debug|x64.Build.0 = Debug|x64
		{12DD3ACD-AF62-4820-BE1E-CF5934F9EC26}.Debug|x64.Deploy.0 = Debug|x64
		{12DD3ACD-AF62-4820-BE1E-CF5934F9EC26}.Debug|x86.ActiveCfg = Debug|x86
		{12DD3ACD-AF62-4820-BE1E-CF5934F9EC26}.Debug|x86.Build.0 = Debug|x86
		{12DD3ACD-AF62-4820-BE1E-CF5934F9EC26}.Debug|x86.Deploy.0 = Debug|x86
		{12DD3ACD-AF62-4820-BE1E-CF5934F9EC26}.Release|Any CPU.ActiveCfg = Release|x86
		{12DD3ACD-AF62-4820-BE1E-CF5934F9EC26}.Release|ARM.ActiveCfg = Release|ARM
		{12DD3ACD-AF62-4820-BE1E-CF5934F9EC26}.Release|ARM.Build.0 = Release|ARM
		{12DD3ACD-AF62-4820-BE1E-CF5934F9EC26}.Release|ARM.Deploy.0 = Release|ARM
		{12DD3ACD-AF62-4820-BE1E-CF5934F9EC26}.Release|iPhone.ActiveCfg = Release|x86
		{12DD3ACD-AF62-4820-BE1E-CF5934F9EC26}.Release|iPhoneSimulator.ActiveCfg = Release|x86
		{12DD3ACD-AF62-4820-BE1E-CF5934F9EC26}.Release|x64.ActiveCfg = Release|x64
		{12DD3ACD-AF62-4820-BE1E-CF5934F9EC26}.Release|x64.Build.0 = Release|x64
		{12DD3ACD-AF62-4820-BE1E-CF5934F9EC26}.Release|x64.Deploy.0 = Release|x64
		{12DD3ACD-AF62-4820-BE1E-CF5934F9EC26}.Release|x86.ActiveCfg = Release|x86
		{12DD3ACD-AF62-4820-BE1E-CF5934F9EC26}.Release|x86.Build.0 = Release|x86
		{12DD3ACD-AF62-4820-BE1E-CF5934F9EC26}.Release|x86.Deploy.0 = Release|x86
		{D215B77F-4ED6-4274-9E27-6C273D87EB02}.Ad-Hoc|Any CPU.ActiveCfg = Debug|Any CPU
		{D215B77F-4ED6-4274-9E27-6C273D87EB02}.Ad-Hoc|Any CPU.Build.0 = Debug|Any CPU
		{D215B77F-4ED6-4274-9E27-6C273D87EB02}.Ad-Hoc|ARM.ActiveCfg = Debug|Any CPU
		{D215B77F-4ED6-4274-9E27-6C273D87EB02}.Ad-Hoc|ARM.Build.0 = Debug|Any CPU
		{D215B77F-4ED6-4274-9E27-6C273D87EB02}.Ad-Hoc|iPhone.ActiveCfg = Debug|Any CPU
		{D215B77F-4ED6-4274-9E27-6C273D87EB02}.Ad-Hoc|iPhone.Build.0 = Debug|Any CPU
		{D215B77F-4ED6-4274-9E27-6C273D87EB02}.Ad-Hoc|iPhoneSimulator.ActiveCfg = Debug|Any CPU
		{D215B77F-4ED6-4274-9E27-6C273D87EB02}.Ad-Hoc|iPhoneSimulator.Build.0 = Debug|Any CPU
		{D215B77F-4ED6-4274-9E27-6C273D87EB02}.Ad-Hoc|x64.ActiveCfg = Debug|Any CPU
		{D215B77F-4ED6-4274-9E27-6C273D87EB02}.Ad-Hoc|x64.Build.0 = Debug|Any CPU
		{D215B77F-4ED6-4274-9E27-6C273D87EB02}.Ad-Hoc|x86.ActiveCfg = Debug|Any CPU
		{D215B77F-4ED6-4274-9E27-6C273D87EB02}.Ad-Hoc|x86.Build.0 = Debug|Any CPU
		{D215B77F-4ED6-4274-9E27-6C273D87EB02}.AppStore|Any CPU.ActiveCfg = Debug|Any CPU
		{D215B77F-4ED6-4274-9E27-6C273D87EB02}.AppStore|Any CPU.Build.0 = Debug|Any CPU
		{D215B77F-4ED6-4274-9E27-6C273D87EB02}.AppStore|ARM.ActiveCfg = Debug|Any CPU
		{D215B77F-4ED6-4274-9E27-6C273D87EB02}.AppStore|ARM.Build.0 = Debug|Any CPU
		{D215B77F-4ED6-4274-9E27-6C273D87EB02}.AppStore|iPhone.ActiveCfg = Debug|Any CPU
		{D215B77F-4ED6-4274-9E27-6C273D87EB02}.AppStore|iPhone.Build.0 = Debug|Any CPU
		{D215B77F-4ED6-4274-9E27-6C273D87EB02}.AppStore|iPhoneSimulator.ActiveCfg = Debug|Any CPU
		{D215B77F-4ED6-4274-9E27-6C273D87EB02}.AppStore|iPhoneSimulator.Build.0 = Debug|Any CPU
		{D215B77F-4ED6-4274-9E27-6C273D87EB02}.AppStore|x64.ActiveCfg = Debug|Any CPU
		{D215B77F-4ED6-4274-9E27-6C273D87EB02}.AppStore|x64.Build.0 = Debug|Any CPU
		{D215B77F-4ED6-4274-9E27-6C273D87EB02}.AppStore|x86.ActiveCfg = Debug|Any CPU
		{D215B77F-4ED6-4274-9E27-6C273D87EB02}.AppStore|x86.Build.0 = Debug|Any CPU
		{D215B77F-4ED6-4274-9E27-6C273D87EB02}.Debug|Any CPU.ActiveCfg = Debug|Any CPU
		{D215B77F-4ED6-4274-9E27-6C273D87EB02}.Debug|Any CPU.Build.0 = Debug|Any CPU
		{D215B77F-4ED6-4274-9E27-6C273D87EB02}.Debug|ARM.ActiveCfg = Debug|Any CPU
		{D215B77F-4ED6-4274-9E27-6C273D87EB02}.Debug|ARM.Build.0 = Debug|Any CPU
		{D215B77F-4ED6-4274-9E27-6C273D87EB02}.Debug|iPhone.ActiveCfg = Debug|Any CPU
		{D215B77F-4ED6-4274-9E27-6C273D87EB02}.Debug|iPhone.Build.0 = Debug|Any CPU
		{D215B77F-4ED6-4274-9E27-6C273D87EB02}.Debug|iPhoneSimulator.ActiveCfg = Debug|Any CPU
		{D215B77F-4ED6-4274-9E27-6C273D87EB02}.Debug|iPhoneSimulator.Build.0 = Debug|Any CPU
		{D215B77F-4ED6-4274-9E27-6C273D87EB02}.Debug|x64.ActiveCfg = Debug|Any CPU
		{D215B77F-4ED6-4274-9E27-6C273D87EB02}.Debug|x64.Build.0 = Debug|Any CPU
		{D215B77F-4ED6-4274-9E27-6C273D87EB02}.Debug|x86.ActiveCfg = Debug|Any CPU
		{D215B77F-4ED6-4274-9E27-6C273D87EB02}.Debug|x86.Build.0 = Debug|Any CPU
		{D215B77F-4ED6-4274-9E27-6C273D87EB02}.Release|Any CPU.ActiveCfg = Release|Any CPU
		{D215B77F-4ED6-4274-9E27-6C273D87EB02}.Release|Any CPU.Build.0 = Release|Any CPU
		{D215B77F-4ED6-4274-9E27-6C273D87EB02}.Release|ARM.ActiveCfg = Release|Any CPU
		{D215B77F-4ED6-4274-9E27-6C273D87EB02}.Release|ARM.Build.0 = Release|Any CPU
		{D215B77F-4ED6-4274-9E27-6C273D87EB02}.Release|iPhone.ActiveCfg = Release|Any CPU
		{D215B77F-4ED6-4274-9E27-6C273D87EB02}.Release|iPhone.Build.0 = Release|Any CPU
		{D215B77F-4ED6-4274-9E27-6C273D87EB02}.Release|iPhoneSimulator.ActiveCfg = Release|Any CPU
		{D215B77F-4ED6-4274-9E27-6C273D87EB02}.Release|iPhoneSimulator.Build.0 = Release|Any CPU
		{D215B77F-4ED6-4274-9E27-6C273D87EB02}.Release|x64.ActiveCfg = Release|Any CPU
		{D215B77F-4ED6-4274-9E27-6C273D87EB02}.Release|x64.Build.0 = Release|Any CPU
		{D215B77F-4ED6-4274-9E27-6C273D87EB02}.Release|x86.ActiveCfg = Release|Any CPU
		{D215B77F-4ED6-4274-9E27-6C273D87EB02}.Release|x86.Build.0 = Release|Any CPU
	EndGlobalSection
	GlobalSection(SolutionProperties) = preSolution
		HideSolutionNode = FALSE
	EndGlobalSection
	GlobalSection(ExtensibilityGlobals) = postSolution
		SolutionGuid = {ABB65A05-1C1E-4BF0-9765-4B9D9BA34D24}
	EndGlobalSection
EndGlobal
